
Microsoft Visual Studio Solution File, Format Version 12.00
# Visual Studio Version 17
VisualStudioVersion = 17.5.33424.131
MinimumVisualStudioVersion = 10.0.40219.1
Project("{FAE04EC0-301F-11D3-BF4B-00C04F79EFBC}") = "Game Zodiac", "Game Zodiac.csproj", "{34EC76D0-449F-44F2-A7C7-3ED7CD1DC122}"
EndProject
Global
	GlobalSection(SolutionConfigurationPlatforms) = preSolution
		Debug|Any CPU = Debug|Any CPU
		Release|Any CPU = Release|Any CPU
	EndGlobalSection
	GlobalSection(ProjectConfigurationPlatforms) = postSolution
		{34EC76D0-449F-44F2-A7C7-3ED7CD1DC122}.Debug|Any CPU.ActiveCfg = Debug|Any CPU
		{34EC76D0-449F-44F2-A7C7-3ED7CD1DC122}.Debug|Any CPU.Build.0 = Debug|Any CPU
		{34EC76D0-449F-44F2-A7C7-3ED7CD1DC122}.Release|Any CPU.ActiveCfg = Release|Any CPU
		{34EC76D0-449F-44F2-A7C7-3ED7CD1DC122}.Release|Any CPU.Build.0 = Release|Any CPU
	EndGlobalSection
	GlobalSection(SolutionProperties) = preSolution
		HideSolutionNode = FALSE
	EndGlobalSection
	GlobalSection(ExtensibilityGlobals) = postSolution
		SolutionGuid = {63DA5451-5CF7-4806-B55D-72D2C9FA9DAE}
	EndGlobalSection
EndGlobal
